Microsoft Visual Studio Solution File, Format Version 12.00
# Visual Studio Version 17
VisualStudioVersion = 17.1.32210.238
MinimumVisualStudioVersion = 10.0.40219.1
Project("{9A19103F-16F7-4668-BE54-9A1E7A4F7556}") = "csun-marketplace", "csun-marketplace\csun-marketplace.csproj", "{29BB4569-AB02-482E-A71D-00278A80CBB2}"
EndProject
Project("{9A19103F-16F7-4668-BE54-9A1E7A4F7556}") = "csun-marketplace.data", "csun-marketplace.data\csun-marketplace.data.csproj", "{31C2B191-5178-4940-9E92-6E1D3EC35272}"
EndProject
Project("{9A19103F-16F7-4668-BE54-9A1E7A4F7556}") = "csun-marketplace.dbo", "csun-marketplace.dbo\csun-marketplace.dbo.csproj", "{E1A21C81-05C7-4677-81A4-B42C567225B0}"
EndProject
Project("{9A19103F-16F7-4668-BE54-9A1E7A4F7556}") = "csun-marketplace.services", "csun-marketplace.services\csun-marketplace.services.csproj", "{CE35DD8C-E1D5-40B1-B1C0-21FC0714E8B3}"
EndProject
Global
	GlobalSection(SolutionConfigurationPlatforms) = preSolution
		Debug|Any CPU = Debug|Any CPU
		Release|Any CPU = Release|Any CPU
	EndGlobalSection
	GlobalSection(ProjectConfigurationPlatforms) = postSolution
		{29BB4569-AB02-482E-A71D-00278A80CBB2}.Debug|Any CPU.ActiveCfg = Debug|Any CPU
		{29BB4569-AB02-482E-A71D-00278A80CBB2}.Debug|Any CPU.Build.0 = Debug|Any CPU
		{29BB4569-AB02-482E-A71D-00278A80CBB2}.Release|Any CPU.ActiveCfg = Release|Any CPU
		{29BB4569-AB02-482E-A71D-00278A80CBB2}.Release|Any CPU.Build.0 = Release|Any CPU
		{31C2B191-5178-4940-9E92-6E1D3EC35272}.Debug|Any CPU.ActiveCfg = Debug|Any CPU
		{31C2B191-5178-4940-9E92-6E1D3EC35272}.Debug|Any CPU.Build.0 = Debug|Any CPU
		{31C2B191-5178-4940-9E92-6E1D3EC35272}.Release|Any CPU.ActiveCfg = Release|Any CPU
		{31C2B191-5178-4940-9E92-6E1D3EC35272}.Release|Any CPU.Build.0 = Release|Any CPU
		{E1A21C81-05C7-4677-81A4-B42C567225B0}.Debug|Any CPU.ActiveCfg = Debug|Any CPU
		{E1A21C81-05C7-4677-81A4-B42C567225B0}.Debug|Any CPU.Build.0 = Debug|Any CPU
		{E1A21C81-05C7-4677-81A4-B42C567225B0}.Release|Any CPU.ActiveCfg = Release|Any CPU
		{E1A21C81-05C7-4677-81A4-B42C567225B0}.Release|Any CPU.Build.0 = Release|Any CPU
		{CE35DD8C-E1D5-40B1-B1C0-21FC0714E8B3}.Debug|Any CPU.ActiveCfg = Debug|Any CPU
		{CE35DD8C-E1D5-40B1-B1C0-21FC0714E8B3}.Debug|Any CPU.Build.0 = Debug|Any CPU
		{CE35DD8C-E1D5-40B1-B1C0-21FC0714E8B3}.Release|Any CPU.ActiveCfg = Release|Any CPU
		{CE35DD8C-E1D5-40B1-B1C0-21FC0714E8B3}.Release|Any CPU.Build.0 = Release|Any CPU
	EndGlobalSection
	GlobalSection(SolutionProperties) = preSolution
		HideSolutionNode = FALSE
	EndGlobalSection
	GlobalSection(ExtensibilityGlobals) = postSolution
		SolutionGuid = {3F980397-C0A0-46B7-8028-929CC0DBCC54}
	EndGlobalSection
EndGlobal
